
Microsoft Visual Studio Solution File, Format Version 12.00
# Visual Studio Version 17
VisualStudioVersion = 17.3.32922.545
MinimumVisualStudioVersion = 10.0.40219.1
Project("{9A19103F-16F7-4668-BE54-9A1E7A4F7556}") = "Server", "Server\Server.csproj", "{6AA524BF-6713-4EDE-9DA9-C7C75ED703EB}"
EndProject
Project("{9A19103F-16F7-4668-BE54-9A1E7A4F7556}") = "ClientApp", "ClientApp\ClientApp.csproj", "{1483CA7A-9DDB-4238-AF94-8DD30F4E7EA8}"
EndProject
Global
	GlobalSection(SolutionConfigurationPlatforms) = preSolution
		Debug|Any CPU = Debug|Any CPU
		Release|Any CPU = Release|Any CPU
	EndGlobalSection
	GlobalSection(ProjectConfigurationPlatforms) = postSolution
		{6AA524BF-6713-4EDE-9DA9-C7C75ED703EB}.Debug|Any CPU.ActiveCfg = Debug|Any CPU
		{6AA524BF-6713-4EDE-9DA9-C7C75ED703EB}.Debug|Any CPU.Build.0 = Debug|Any CPU
		{6AA524BF-6713-4EDE-9DA9-C7C75ED703EB}.Release|Any CPU.ActiveCfg = Release|Any CPU
		{6AA524BF-6713-4EDE-9DA9-C7C75ED703EB}.Release|Any CPU.Build.0 = Release|Any CPU
		{1483CA7A-9DDB-4238-AF94-8DD30F4E7EA8}.Debug|Any CPU.ActiveCfg = Debug|Any CPU
		{1483CA7A-9DDB-4238-AF94-8DD30F4E7EA8}.Debug|Any CPU.Build.0 = Debug|Any CPU
		{1483CA7A-9DDB-4238-AF94-8DD30F4E7EA8}.Release|Any CPU.ActiveCfg = Release|Any CPU
		{1483CA7A-9DDB-4238-AF94-8DD30F4E7EA8}.Release|Any CPU.Build.0 = Release|Any CPU
	EndGlobalSection
	GlobalSection(SolutionProperties) = preSolution
		HideSolutionNode = FALSE
	EndGlobalSection
	GlobalSection(ExtensibilityGlobals) = postSolution
		SolutionGuid = {8C372D82-3A1A-41E4-ADF2-5EFFAB4C41AC}
	EndGlobalSection
EndGlobal
